
Microsoft Visual Studio Solution File, Format Version 12.00
# Visual Studio Version 16
VisualStudioVersion = 16.0.31702.278
MinimumVisualStudioVersion = 10.0.40219.1
Project("{FAE04EC0-301F-11D3-BF4B-00C04F79EFBC}") = "CrossPlatformTest.UWP", "CrossPlatformTest\CrossPlatformTest.UWP\CrossPlatformTest.UWP.csproj", "{195C71DF-2A51-4E72-9F69-05A18C32A7F1}"
EndProject
Project("{FAE04EC0-301F-11D3-BF4B-00C04F79EFBC}") = "CrossPlatformTest.Android", "CrossPlatformTest\CrossPlatformTest.Android\CrossPlatformTest.Android.csproj", "{13073BFC-A61C-4A70-BEB4-62883324B96D}"
EndProject
Project("{FAE04EC0-301F-11D3-BF4B-00C04F79EFBC}") = "CrossPlatformTest.iOS", "CrossPlatformTest\CrossPlatformTest.iOS\CrossPlatformTest.iOS.csproj", "{20547C07-F943-4B1D-925D-6A3B332BE5B0}"
EndProject
Project("{9A19103F-16F7-4668-BE54-9A1E7A4F7556}") = "CrossPlatformTest", "CrossPlatformTest\CrossPlatformTest\CrossPlatformTest.csproj", "{CBB10FCF-6B9D-42DB-9722-EC4021D8EE47}"
EndProject
Project("{FAE04EC0-301F-11D3-BF4B-00C04F79EFBC}") = "CrossPlatformTest.UITest", "CrossPlatformTest\CrossPlatformTest.UITest\CrossPlatformTest.UITest.csproj", "{C2F6BA26-FC1B-4331-824D-1D32F893BE64}"
EndProject
Project("{FAE04EC0-301F-11D3-BF4B-00C04F79EFBC}") = "UITestEmpty", "UITestEmpty\UITestEmpty.csproj", "{4F883A1A-F4DA-4A0E-9D75-5077FEED7342}"
EndProject
Global
	GlobalSection(SolutionConfigurationPlatforms) = preSolution
		Debug|Any CPU = Debug|Any CPU
		Debug|ARM = Debug|ARM
		Debug|iPhone = Debug|iPhone
		Debug|iPhoneSimulator = Debug|iPhoneSimulator
		Debug|x64 = Debug|x64
		Debug|x86 = Debug|x86
		Release|Any CPU = Release|Any CPU
		Release|ARM = Release|ARM
		Release|iPhone = Release|iPhone
		Release|iPhoneSimulator = Release|iPhoneSimulator
		Release|x64 = Release|x64
		Release|x86 = Release|x86
	EndGlobalSection
	GlobalSection(ProjectConfigurationPlatforms) = postSolution
		{195C71DF-2A51-4E72-9F69-05A18C32A7F1}.Debug|Any CPU.ActiveCfg = Debug|x86
		{195C71DF-2A51-4E72-9F69-05A18C32A7F1}.Debug|Any CPU.Build.0 = Debug|x86
		{195C71DF-2A51-4E72-9F69-05A18C32A7F1}.Debug|Any CPU.Deploy.0 = Debug|x86
		{195C71DF-2A51-4E72-9F69-05A18C32A7F1}.Debug|ARM.ActiveCfg = Debug|ARM
		{195C71DF-2A51-4E72-9F69-05A18C32A7F1}.Debug|ARM.Build.0 = Debug|ARM
		{195C71DF-2A51-4E72-9F69-05A18C32A7F1}.Debug|ARM.Deploy.0 = Debug|ARM
		{195C71DF-2A51-4E72-9F69-05A18C32A7F1}.Debug|iPhone.ActiveCfg = Debug|x86
		{195C71DF-2A51-4E72-9F69-05A18C32A7F1}.Debug|iPhone.Build.0 = Debug|x86
		{195C71DF-2A51-4E72-9F69-05A18C32A7F1}.Debug|iPhone.Deploy.0 = Debug|x86
		{195C71DF-2A51-4E72-9F69-05A18C32A7F1}.Debug|iPhoneSimulator.ActiveCfg = Debug|x86
		{195C71DF-2A51-4E72-9F69-05A18C32A7F1}.Debug|iPhoneSimulator.Build.0 = Debug|x86
		{195C71DF-2A51-4E72-9F69-05A18C32A7F1}.Debug|iPhoneSimulator.Deploy.0 = Debug|x86
		{195C71DF-2A51-4E72-9F69-05A18C32A7F1}.Debug|x64.ActiveCfg = Debug|x64
		{195C71DF-2A51-4E72-9F69-05A18C32A7F1}.Debug|x64.Build.0 = Debug|x64
		{195C71DF-2A51-4E72-9F69-05A18C32A7F1}.Debug|x64.Deploy.0 = Debug|x64
		{195C71DF-2A51-4E72-9F69-05A18C32A7F1}.Debug|x86.ActiveCfg = Debug|x86
		{195C71DF-2A51-4E72-9F69-05A18C32A7F1}.Debug|x86.Build.0 = Debug|x86
		{195C71DF-2A51-4E72-9F69-05A18C32A7F1}.Debug|x86.Deploy.0 = Debug|x86
		{195C71DF-2A51-4E72-9F69-05A18C32A7F1}.Release|Any CPU.ActiveCfg = Release|x86
		{195C71DF-2A51-4E72-9F69-05A18C32A7F1}.Release|Any CPU.Build.0 = Release|x86
		{195C71DF-2A51-4E72-9F69-05A18C32A7F1}.Release|Any CPU.Deploy.0 = Release|x86
		{195C71DF-2A51-4E72-9F69-05A18C32A7F1}.Release|ARM.ActiveCfg = Release|ARM
		{195C71DF-2A51-4E72-9F69-05A18C32A7F1}.Release|ARM.Build.0 = Release|ARM
		{195C71DF-2A51-4E72-9F69-05A18C32A7F1}.Release|ARM.Deploy.0 = Release|ARM
		{195C71DF-2A51-4E72-9F69-05A18C32A7F1}.Release|iPhone.ActiveCfg = Release|x86
		{195C71DF-2A51-4E72-9F69-05A18C32A7F1}.Release|iPhone.Build.0 = Release|x86
		{195C71DF-2A51-4E72-9F69-05A18C32A7F1}.Release|iPhone.Deploy.0 = Release|x86
		{195C71DF-2A51-4E72-9F69-05A18C32A7F1}.Release|iPhoneSimulator.ActiveCfg = Release|x86
		{195C71DF-2A51-4E72-9F69-05A18C32A7F1}.Release|iPhoneSimulator.Build.0 = Release|x86
		{195C71DF-2A51-4E72-9F69-05A18C32A7F1}.Release|iPhoneSimulator.Deploy.0 = Release|x86
		{195C71DF-2A51-4E72-9F69-05A18C32A7F1}.Release|x64.ActiveCfg = Release|x64
		{195C71DF-2A51-4E72-9F69-05A18C32A7F1}.Release|x64.Build.0 = Release|x64
		{195C71DF-2A51-4E72-9F69-05A18C32A7F1}.Release|x64.Deploy.0 = Release|x64
		{195C71DF-2A51-4E72-9F69-05A18C32A7F1}.Release|x86.ActiveCfg = Release|x86
		{195C71DF-2A51-4E72-9F69-05A18C32A7F1}.Release|x86.Build.0 = Release|x86
		{195C71DF-2A51-4E72-9F69-05A18C32A7F1}.Release|x86.Deploy.0 = Release|x86
		{13073BFC-A61C-4A70-BEB4-62883324B96D}.Debug|Any CPU.ActiveCfg = Debug|Any CPU
		{13073BFC-A61C-4A70-BEB4-62883324B96D}.Debug|Any CPU.Build.0 = Debug|Any CPU
		{13073BFC-A61C-4A70-BEB4-62883324B96D}.Debug|Any CPU.Deploy.0 = Debug|Any CPU
		{13073BFC-A61C-4A70-BEB4-62883324B96D}.Debug|ARM.ActiveCfg = Debug|Any CPU
		{13073BFC-A61C-4A70-BEB4-62883324B96D}.Debug|ARM.Build.0 = Debug|Any CPU
		{13073BFC-A61C-4A70-BEB4-62883324B96D}.Debug|ARM.Deploy.0 = Debug|Any CPU
		{13073BFC-A61C-4A70-BEB4-62883324B96D}.Debug|iPhone.ActiveCfg = Debug|Any CPU
		{13073BFC-A61C-4A70-BEB4-62883324B96D}.Debug|iPhone.Build.0 = Debug|Any CPU
		{13073BFC-A61C-4A70-BEB4-62883324B96D}.Debug|iPhone.Deploy.0 = Debug|Any CPU
		{13073BFC-A61C-4A70-BEB4-62883324B96D}.Debug|iPhoneSimulator.ActiveCfg = Debug|Any CPU
		{13073BFC-A61C-4A70-BEB4-62883324B96D}.Debug|iPhoneSimulator.Build.0 = Debug|Any CPU
		{13073BFC-A61C-4A70-BEB4-62883324B96D}.Debug|iPhoneSimulator.Deploy.0 = Debug|Any CPU
		{13073BFC-A61C-4A70-BEB4-62883324B96D}.Debug|x64.ActiveCfg = Debug|Any CPU
		{13073BFC-A61C-4A70-BEB4-62883324B96D}.Debug|x64.Build.0 = Debug|Any CPU
		{13073BFC-A61C-4A70-BEB4-62883324B96D}.Debug|x64.Deploy.0 = Debug|Any CPU
		{13073BFC-A61C-4A70-BEB4-62883324B96D}.Debug|x86.ActiveCfg = Debug|Any CPU
		{13073BFC-A61C-4A70-BEB4-62883324B96D}.Debug|x86.Build.0 = Debug|Any CPU
		{13073BFC-A61C-4A70-BEB4-62883324B96D}.Debug|x86.Deploy.0 = Debug|Any CPU
		{13073BFC-A61C-4A70-BEB4-62883324B96D}.Release|Any CPU.ActiveCfg = Release|Any CPU
		{13073BFC-A61C-4A70-BEB4-62883324B96D}.Release|Any CPU.Build.0 = Release|Any CPU
		{13073BFC-A61C-4A70-BEB4-62883324B96D}.Release|Any CPU.Deploy.0 = Release|Any CPU
		{13073BFC-A61C-4A70-BEB4-62883324B96D}.Release|ARM.ActiveCfg = Release|Any CPU
		{13073BFC-A61C-4A70-BEB4-62883324B96D}.Release|ARM.Build.0 = Release|Any CPU
		{13073BFC-A61C-4A70-BEB4-62883324B96D}.Release|ARM.Deploy.0 = Release|Any CPU
		{13073BFC-A61C-4A70-BEB4-62883324B96D}.Release|iPhone.ActiveCfg = Release|Any CPU
		{13073BFC-A61C-4A70-BEB4-62883324B96D}.Release|iPhone.Build.0 = Release|Any CPU
		{13073BFC-A61C-4A70-BEB4-62883324B96D}.Release|iPhone.Deploy.0 = Release|Any CPU
		{13073BFC-A61C-4A70-BEB4-62883324B96D}.Release|iPhoneSimulator.ActiveCfg = Release|Any CPU
		{13073BFC-A61C-4A70-BEB4-62883324B96D}.Release|iPhoneSimulator.Build.0 = Release|Any CPU
		{13073BFC-A61C-4A70-BEB4-62883324B96D}.Release|iPhoneSimulator.Deploy.0 = Release|Any CPU
		{13073BFC-A61C-4A70-BEB4-62883324B96D}.Release|x64.ActiveCfg = Release|Any CPU
		{13073BFC-A61C-4A70-BEB4-62883324B96D}.Release|x64.Build.0 = Release|Any CPU
		{13073BFC-A61C-4A70-BEB4-62883324B96D}.Release|x64.Deploy.0 = Release|Any CPU
		{13073BFC-A61C-4A70-BEB4-62883324B96D}.Release|x86.ActiveCfg = Release|Any CPU
		{13073BFC-A61C-4A70-BEB4-62883324B96D}.Release|x86.Build.0 = Release|Any CPU
		{13073BFC-A61C-4A70-BEB4-62883324B96D}.Release|x86.Deploy.0 = Release|Any CPU
		{20547C07-F943-4B1D-925D-6A3B332BE5B0}.Debug|Any CPU.ActiveCfg = Debug|iPhoneSimulator
		{20547C07-F943-4B1D-925D-6A3B332BE5B0}.Debug|Any CPU.Build.0 = Debug|iPhoneSimulator
		{20547C07-F943-4B1D-925D-6A3B332BE5B0}.Debug|Any CPU.Deploy.0 = Debug|iPhoneSimulator
		{20547C07-F943-4B1D-925D-6A3B332BE5B0}.Debug|ARM.ActiveCfg = Debug|iPhone
		{20547C07-F943-4B1D-925D-6A3B332BE5B0}.Debug|ARM.Build.0 = Debug|iPhone
		{20547C07-F943-4B1D-925D-6A3B332BE5B0}.Debug|ARM.Deploy.0 = Debug|iPhone
		{20547C07-F943-4B1D-925D-6A3B332BE5B0}.Debug|iPhone.ActiveCfg = Debug|iPhone
		{20547C07-F943-4B1D-925D-6A3B332BE5B0}.Debug|iPhone.Build.0 = Debug|iPhone
		{20547C07-F943-4B1D-925D-6A3B332BE5B0}.Debug|iPhone.Deploy.0 = Debug|iPhone
		{20547C07-F943-4B1D-925D-6A3B332BE5B0}.Debug|iPhoneSimulator.ActiveCfg = Debug|iPhoneSimulator
		{20547C07-F943-4B1D-925D-6A3B332BE5B0}.Debug|iPhoneSimulator.Build.0 = Debug|iPhoneSimulator
		{20547C07-F943-4B1D-925D-6A3B332BE5B0}.Debug|iPhoneSimulator.Deploy.0 = Debug|iPhoneSimulator
		{20547C07-F943-4B1D-925D-6A3B332BE5B0}.Debug|x64.ActiveCfg = Debug|iPhoneSimulator
		{20547C07-F943-4B1D-925D-6A3B332BE5B0}.Debug|x64.Build.0 = Debug|iPhoneSimulator
		{20547C07-F943-4B1D-925D-6A3B332BE5B0}.Debug|x64.Deploy.0 = Debug|iPhoneSimulator
		{20547C07-F943-4B1D-925D-6A3B332BE5B0}.Debug|x86.ActiveCfg = Debug|iPhoneSimulator
		{20547C07-F943-4B1D-925D-6A3B332BE5B0}.Debug|x86.Build.0 = Debug|iPhoneSimulator
		{20547C07-F943-4B1D-925D-6A3B332BE5B0}.Debug|x86.Deploy.0 = Debug|iPhoneSimulator
		{20547C07-F943-4B1D-925D-6A3B332BE5B0}.Release|Any CPU.ActiveCfg = Release|iPhoneSimulator
		{20547C07-F943-4B1D-925D-6A3B332BE5B0}.Release|Any CPU.Build.0 = Release|iPhoneSimulator
		{20547C07-F943-4B1D-925D-6A3B332BE5B0}.Release|Any CPU.Deploy.0 = Release|iPhoneSimulator
		{20547C07-F943-4B1D-925D-6A3B332BE5B0}.Release|ARM.ActiveCfg = Release|iPhoneSimulator
		{20547C07-F943-4B1D-925D-6A3B332BE5B0}.Release|ARM.Build.0 = Release|iPhoneSimulator
		{20547C07-F943-4B1D-925D-6A3B332BE5B0}.Release|ARM.Deploy.0 = Release|iPhoneSimulator
		{20547C07-F943-4B1D-925D-6A3B332BE5B0}.Release|iPhone.ActiveCfg = Release|iPhone
		{20547C07-F943-4B1D-925D-6A3B332BE5B0}.Release|iPhone.Build.0 = Release|iPhone
		{20547C07-F943-4B1D-925D-6A3B332BE5B0}.Release|iPhone.Deploy.0 = Release|iPhone
		{20547C07-F943-4B1D-925D-6A3B332BE5B0}.Release|iPhoneSimulator.ActiveCfg = Release|iPhoneSimulator
		{20547C07-F943-4B1D-925D-6A3B332BE5B0}.Release|iPhoneSimulator.Build.0 = Release|iPhoneSimulator
		{20547C07-F943-4B1D-925D-6A3B332BE5B0}.Release|iPhoneSimulator.Deploy.0 = Release|iPhoneSimulator
		{20547C07-F943-4B1D-925D-6A3B332BE5B0}.Release|x64.ActiveCfg = Release|iPhoneSimulator
		{20547C07-F943-4B1D-925D-6A3B332BE5B0}.Release|x64.Build.0 = Release|iPhoneSimulator
		{20547C07-F943-4B1D-925D-6A3B332BE5B0}.Release|x64.Deploy.0 = Release|iPhoneSimulator
		{20547C07-F943-4B1D-925D-6A3B332BE5B0}.Release|x86.ActiveCfg = Release|iPhoneSimulator
		{20547C07-F943-4B1D-925D-6A3B332BE5B0}.Release|x86.Build.0 = Release|iPhoneSimulator
		{20547C07-F943-4B1D-925D-6A3B332BE5B0}.Release|x86.Deploy.0 = Release|iPhoneSimulator
		{CBB10FCF-6B9D-42DB-9722-EC4021D8EE47}.Debug|Any CPU.ActiveCfg = Debug|Any CPU
		{CBB10FCF-6B9D-42DB-9722-EC4021D8EE47}.Debug|Any CPU.Build.0 = Debug|Any CPU
		{CBB10FCF-6B9D-42DB-9722-EC4021D8EE47}.Debug|Any CPU.Deploy.0 = Debug|Any CPU
		{CBB10FCF-6B9D-42DB-9722-EC4021D8EE47}.Debug|ARM.ActiveCfg = Debug|Any CPU
		{CBB10FCF-6B9D-42DB-9722-EC4021D8EE47}.Debug|ARM.Build.0 = Debug|Any CPU
		{CBB10FCF-6B9D-42DB-9722-EC4021D8EE47}.Debug|ARM.Deploy.0 = Debug|Any CPU
		{CBB10FCF-6B9D-42DB-9722-EC4021D8EE47}.Debug|iPhone.ActiveCfg = Debug|Any CPU
		{CBB10FCF-6B9D-42DB-9722-EC4021D8EE47}.Debug|iPhone.Build.0 = Debug|Any CPU
		{CBB10FCF-6B9D-42DB-9722-EC4021D8EE47}.Debug|iPhone.Deploy.0 = Debug|Any CPU
		{CBB10FCF-6B9D-42DB-9722-EC4021D8EE47}.Debug|iPhoneSimulator.ActiveCfg = Debug|Any CPU
		{CBB10FCF-6B9D-42DB-9722-EC4021D8EE47}.Debug|iPhoneSimulator.Build.0 = Debug|Any CPU
		{CBB10FCF-6B9D-42DB-9722-EC4021D8EE47}.Debug|iPhoneSimulator.Deploy.0 = Debug|Any CPU
		{CBB10FCF-6B9D-42DB-9722-EC4021D8EE47}.Debug|x64.ActiveCfg = Debug|Any CPU
		{CBB10FCF-6B9D-42DB-9722-EC4021D8EE47}.Debug|x64.Build.0 = Debug|Any CPU
		{CBB10FCF-6B9D-42DB-9722-EC4021D8EE47}.Debug|x64.Deploy.0 = Debug|Any CPU
		{CBB10FCF-6B9D-42DB-9722-EC4021D8EE47}.Debug|x86.ActiveCfg = Debug|Any CPU
		{CBB10FCF-6B9D-42DB-9722-EC4021D8EE47}.Debug|x86.Build.0 = Debug|Any CPU
		{CBB10FCF-6B9D-42DB-9722-EC4021D8EE47}.Debug|x86.Deploy.0 = Debug|Any CPU
		{CBB10FCF-6B9D-42DB-9722-EC4021D8EE47}.Release|Any CPU.ActiveCfg = Release|Any CPU
		{CBB10FCF-6B9D-42DB-9722-EC4021D8EE47}.Release|Any CPU.Build.0 = Release|Any CPU
		{CBB10FCF-6B9D-42DB-9722-EC4021D8EE47}.Release|Any CPU.Deploy.0 = Release|Any CPU
		{CBB10FCF-6B9D-42DB-9722-EC4021D8EE47}.Release|ARM.ActiveCfg = Release|Any CPU
		{CBB10FCF-6B9D-42DB-9722-EC4021D8EE47}.Release|ARM.Build.0 = Release|Any CPU
		{CBB10FCF-6B9D-42DB-9722-EC4021D8EE47}.Release|ARM.Deploy.0 = Release|Any CPU
		{CBB10FCF-6B9D-42DB-9722-EC4021D8EE47}.Release|iPhone.ActiveCfg = Release|Any CPU
		{CBB10FCF-6B9D-42DB-9722-EC4021D8EE47}.Release|iPhone.Build.0 = Release|Any CPU
		{CBB10FCF-6B9D-42DB-9722-EC4021D8EE47}.Release|iPhone.Deploy.0 = Release|Any CPU
		{CBB10FCF-6B9D-42DB-9722-EC4021D8EE47}.Release|iPhoneSimulator.ActiveCfg = Release|Any CPU
		{CBB10FCF-6B9D-42DB-9722-EC4021D8EE47}.Release|iPhoneSimulator.Build.0 = Release|Any CPU
		{CBB10FCF-6B9D-42DB-9722-EC4021D8EE47}.Release|iPhoneSimulator.Deploy.0 = Release|Any CPU
		{CBB10FCF-6B9D-42DB-9722-EC4021D8EE47}.Release|x64.ActiveCfg = Release|Any CPU
		{CBB10FCF-6B9D-42DB-9722-EC4021D8EE47}.Release|x64.Build.0 = Release|Any CPU
		{CBB10FCF-6B9D-42DB-9722-EC4021D8EE47}.Release|x64.Deploy.0 = Release|Any CPU
		{CBB10FCF-6B9D-42DB-9722-EC4021D8EE47}.Release|x86.ActiveCfg = Release|Any CPU
		{CBB10FCF-6B9D-42DB-9722-EC4021D8EE47}.Release|x86.Build.0 = Release|Any CPU
		{CBB10FCF-6B9D-42DB-9722-EC4021D8EE47}.Release|x86.Deploy.0 = Release|Any CPU
		{C2F6BA26-FC1B-4331-824D-1D32F893BE64}.Debug|Any CPU.ActiveCfg = Debug|Any CPU
		{C2F6BA26-FC1B-4331-824D-1D32F893BE64}.Debug|Any CPU.Build.0 = Debug|Any CPU
		{C2F6BA26-FC1B-4331-824D-1D32F893BE64}.Debug|ARM.ActiveCfg = Debug|Any CPU
		{C2F6BA26-FC1B-4331-824D-1D32F893BE64}.Debug|ARM.Build.0 = Debug|Any CPU
		{C2F6BA26-FC1B-4331-824D-1D32F893BE64}.Debug|iPhone.ActiveCfg = Debug|Any CPU
		{C2F6BA26-FC1B-4331-824D-1D32F893BE64}.Debug|iPhone.Build.0 = Debug|Any CPU
		{C2F6BA26-FC1B-4331-824D-1D32F893BE64}.Debug|iPhoneSimulator.ActiveCfg = Debug|Any CPU
		{C2F6BA26-FC1B-4331-824D-1D32F893BE64}.Debug|iPhoneSimulator.Build.0 = Debug|Any CPU
		{C2F6BA26-FC1B-4331-824D-1D32F893BE64}.Debug|x64.ActiveCfg = Debug|Any CPU
		{C2F6BA26-FC1B-4331-824D-1D32F893BE64}.Debug|x64.Build.0 = Debug|Any CPU
		{C2F6BA26-FC1B-4331-824D-1D32F893BE64}.Debug|x86.ActiveCfg = Debug|Any CPU
		{C2F6BA26-FC1B-4331-824D-1D32F893BE64}.Debug|x86.Build.0 = Debug|Any CPU
		{C2F6BA26-FC1B-4331-824D-1D32F893BE64}.Release|Any CPU.ActiveCfg = Release|Any CPU
		{C2F6BA26-FC1B-4331-824D-1D32F893BE64}.Release|Any CPU.Build.0 = Release|Any CPU
		{C2F6BA26-FC1B-4331-824D-1D32F893BE64}.Release|ARM.ActiveCfg = Release|Any CPU
		{C2F6BA26-FC1B-4331-824D-1D32F893BE64}.Release|ARM.Build.0 = Release|Any CPU
		{C2F6BA26-FC1B-4331-824D-1D32F893BE64}.Release|iPhone.ActiveCfg = Release|Any CPU
		{C2F6BA26-FC1B-4331-824D-1D32F893BE64}.Release|iPhone.Build.0 = Release|Any CPU
		{C2F6BA26-FC1B-4331-824D-1D32F893BE64}.Release|iPhoneSimulator.ActiveCfg = Release|Any CPU
		{C2F6BA26-FC1B-4331-824D-1D32F893BE64}.Release|iPhoneSimulator.Build.0 = Release|Any CPU
		{C2F6BA26-FC1B-4331-824D-1D32F893BE64}.Release|x64.ActiveCfg = Release|Any CPU
		{C2F6BA26-FC1B-4331-824D-1D32F893BE64}.Release|x64.Build.0 = Release|Any CPU
		{C2F6BA26-FC1B-4331-824D-1D32F893BE64}.Release|x86.ActiveCfg = Release|Any CPU
		{C2F6BA26-FC1B-4331-824D-1D32F893BE64}.Release|x86.Build.0 = Release|Any CPU
		{4F883A1A-F4DA-4A0E-9D75-5077FEED7342}.Debug|Any CPU.ActiveCfg = Debug|Any CPU
		{4F883A1A-F4DA-4A0E-9D75-5077FEED7342}.Debug|Any CPU.Build.0 = Debug|Any CPU
		{4F883A1A-F4DA-4A0E-9D75-5077FEED7342}.Debug|ARM.ActiveCfg = Debug|Any CPU
		{4F883A1A-F4DA-4A0E-9D75-5077FEED7342}.Debug|ARM.Build.0 = Debug|Any CPU
		{4F883A1A-F4DA-4A0E-9D75-5077FEED7342}.Debug|iPhone.ActiveCfg = Debug|Any CPU
		{4F883A1A-F4DA-4A0E-9D75-5077FEED7342}.Debug|iPhone.Build.0 = Debug|Any CPU
		{4F883A1A-F4DA-4A0E-9D75-5077FEED7342}.Debug|iPhoneSimulator.ActiveCfg = Debug|Any CPU
		{4F883A1A-F4DA-4A0E-9D75-5077FEED7342}.Debug|iPhoneSimulator.Build.0 = Debug|Any CPU
		{4F883A1A-F4DA-4A0E-9D75-5077FEED7342}.Debug|x64.ActiveCfg = Debug|Any CPU
		{4F883A1A-F4DA-4A0E-9D75-5077FEED7342}.Debug|x64.Build.0 = Debug|Any CPU
		{4F883A1A-F4DA-4A0E-9D75-5077FEED7342}.Debug|x86.ActiveCfg = Debug|Any CPU
		{4F883A1A-F4DA-4A0E-9D75-5077FEED7342}.Debug|x86.Build.0 = Debug|Any CPU
		{4F883A1A-F4DA-4A0E-9D75-5077FEED7342}.Release|Any CPU.ActiveCfg = Release|Any CPU
		{4F883A1A-F4DA-4A0E-9D75-5077FEED7342}.Release|Any CPU.Build.0 = Release|Any CPU
		{4F883A1A-F4DA-4A0E-9D75-5077FEED7342}.Release|ARM.ActiveCfg = Release|Any CPU
		{4F883A1A-F4DA-4A0E-9D75-5077FEED7342}.Release|ARM.Build.0 = Release|Any CPU
		{4F883A1A-F4DA-4A0E-9D75-5077FEED7342}.Release|iPhone.ActiveCfg = Release|Any CPU
		{4F883A1A-F4DA-4A0E-9D75-5077FEED7342}.Release|iPhone.Build.0 = Release|Any CPU
		{4F883A1A-F4DA-4A0E-9D75-5077FEED7342}.Release|iPhoneSimulator.ActiveCfg = Release|Any CPU
		{4F883A1A-F4DA-4A0E-9D75-5077FEED7342}.Release|iPhoneSimulator.Build.0 = Release|Any CPU
		{4F883A1A-F4DA-4A0E-9D75-5077FEED7342}.Release|x64.ActiveCfg = Release|Any CPU
		{4F883A1A-F4DA-4A0E-9D75-5077FEED7342}.Release|x64.Build.0 = Release|Any CPU
		{4F883A1A-F4DA-4A0E-9D75-5077FEED7342}.Release|x86.ActiveCfg = Release|Any CPU
		{4F883A1A-F4DA-4A0E-9D75-5077FEED7342}.Release|x86.Build.0 = Release|Any CPU
	EndGlobalSection
	GlobalSection(SolutionProperties) = preSolution
		HideSolutionNode = FALSE
	EndGlobalSection
	GlobalSection(ExtensibilityGlobals) = postSolution
		SolutionGuid = {4BA798F9-6BA6-4384-A94F-5B74FC089FC9}
	EndGlobalSection
EndGlobal
